
Microsoft Visual Studio Solution File, Format Version 12.00
# Visual Studio Version 17
VisualStudioVersion = 17.9.34607.119
MinimumVisualStudioVersion = 10.0.40219.1
Project("{9A19103F-16F7-4668-BE54-9A1E7A4F7556}") = "soft_BUUCLW", "soft_BUUCLW\soft_BUUCLW.csproj", "{419328CF-9D94-41AC-A07F-D61BC8597CB2}"
EndProject
Project("{9A19103F-16F7-4668-BE54-9A1E7A4F7556}") = "Szorzotabla", "Szorzotabla\Szorzotabla.csproj", "{09525156-26A9-4F65-A3E8-4DCC9EEE9D55}"
EndProject
Project("{9A19103F-16F7-4668-BE54-9A1E7A4F7556}") = "Fibonacci", "Fibonacci\Fibonacci.csproj", "{596DE46B-D581-4898-BF01-13CAA2E3C273}"
EndProject
Project("{9A19103F-16F7-4668-BE54-9A1E7A4F7556}") = "Pascal", "Pascal\Pascal.csproj", "{89E1BE70-9365-4CD1-A174-363E34385042}"
EndProject
Project("{9A19103F-16F7-4668-BE54-9A1E7A4F7556}") = "Eloadas3", "Eloadas3\Eloadas3.csproj", "{3C4A056A-BBAF-4818-87B6-F93B2F7B9123}"
EndProject
Project("{9A19103F-16F7-4668-BE54-9A1E7A4F7556}") = "gyakorlo1", "gyakorlo1\gyakorlo1.csproj", "{7C3B96A9-9333-4CAF-9B8E-42F0B59D02E2}"
EndProject
Project("{9A19103F-16F7-4668-BE54-9A1E7A4F7556}") = "Gyakorlo4", "Gyakorlo4\Gyakorlo4.csproj", "{5950AAAB-8730-4266-A7E9-90C42755CF05}"
EndProject
Project("{9A19103F-16F7-4668-BE54-9A1E7A4F7556}") = "HajosTeszt", "HajosTeszt\HajosTeszt.csproj", "{3B0F264D-DEFF-4B62-9946-AFDC1D4626ED}"
EndProject
Project("{9A19103F-16F7-4668-BE54-9A1E7A4F7556}") = "kigyos", "kigyos\kigyos.csproj", "{2C433851-B197-4DD3-BB65-4C9EBA7F7E4C}"
EndProject
Project("{FAE04EC0-301F-11D3-BF4B-00C04F79EFBC}") = "Ea7", "Ea7\Ea7.csproj", "{6BA03E25-A00B-4ADE-883F-D43C5C5E12E2}"
EndProject
Global
	GlobalSection(SolutionConfigurationPlatforms) = preSolution
		Debug|Any CPU = Debug|Any CPU
		Release|Any CPU = Release|Any CPU
	EndGlobalSection
	GlobalSection(ProjectConfigurationPlatforms) = postSolution
		{419328CF-9D94-41AC-A07F-D61BC8597CB2}.Debug|Any CPU.ActiveCfg = Debug|Any CPU
		{419328CF-9D94-41AC-A07F-D61BC8597CB2}.Debug|Any CPU.Build.0 = Debug|Any CPU
		{419328CF-9D94-41AC-A07F-D61BC8597CB2}.Release|Any CPU.ActiveCfg = Release|Any CPU
		{419328CF-9D94-41AC-A07F-D61BC8597CB2}.Release|Any CPU.Build.0 = Release|Any CPU
		{09525156-26A9-4F65-A3E8-4DCC9EEE9D55}.Debug|Any CPU.ActiveCfg = Debug|Any CPU
		{09525156-26A9-4F65-A3E8-4DCC9EEE9D55}.Debug|Any CPU.Build.0 = Debug|Any CPU
		{09525156-26A9-4F65-A3E8-4DCC9EEE9D55}.Release|Any CPU.ActiveCfg = Release|Any CPU
		{09525156-26A9-4F65-A3E8-4DCC9EEE9D55}.Release|Any CPU.Build.0 = Release|Any CPU
		{596DE46B-D581-4898-BF01-13CAA2E3C273}.Debug|Any CPU.ActiveCfg = Debug|Any CPU
		{596DE46B-D581-4898-BF01-13CAA2E3C273}.Debug|Any CPU.Build.0 = Debug|Any CPU
		{596DE46B-D581-4898-BF01-13CAA2E3C273}.Release|Any CPU.ActiveCfg = Release|Any CPU
		{596DE46B-D581-4898-BF01-13CAA2E3C273}.Release|Any CPU.Build.0 = Release|Any CPU
		{89E1BE70-9365-4CD1-A174-363E34385042}.Debug|Any CPU.ActiveCfg = Debug|Any CPU
		{89E1BE70-9365-4CD1-A174-363E34385042}.Debug|Any CPU.Build.0 = Debug|Any CPU
		{89E1BE70-9365-4CD1-A174-363E34385042}.Release|Any CPU.ActiveCfg = Release|Any CPU
		{89E1BE70-9365-4CD1-A174-363E34385042}.Release|Any CPU.Build.0 = Release|Any CPU
		{3C4A056A-BBAF-4818-87B6-F93B2F7B9123}.Debug|Any CPU.ActiveCfg = Debug|Any CPU
		{3C4A056A-BBAF-4818-87B6-F93B2F7B9123}.Debug|Any CPU.Build.0 = Debug|Any CPU
		{3C4A056A-BBAF-4818-87B6-F93B2F7B9123}.Release|Any CPU.ActiveCfg = Release|Any CPU
		{3C4A056A-BBAF-4818-87B6-F93B2F7B9123}.Release|Any CPU.Build.0 = Release|Any CPU
		{7C3B96A9-9333-4CAF-9B8E-42F0B59D02E2}.Debug|Any CPU.ActiveCfg = Debug|Any CPU
		{7C3B96A9-9333-4CAF-9B8E-42F0B59D02E2}.Debug|Any CPU.Build.0 = Debug|Any CPU
		{7C3B96A9-9333-4CAF-9B8E-42F0B59D02E2}.Release|Any CPU.ActiveCfg = Release|Any CPU
		{7C3B96A9-9333-4CAF-9B8E-42F0B59D02E2}.Release|Any CPU.Build.0 = Release|Any CPU
		{5950AAAB-8730-4266-A7E9-90C42755CF05}.Debug|Any CPU.ActiveCfg = Debug|Any CPU
		{5950AAAB-8730-4266-A7E9-90C42755CF05}.Debug|Any CPU.Build.0 = Debug|Any CPU
		{5950AAAB-8730-4266-A7E9-90C42755CF05}.Release|Any CPU.ActiveCfg = Release|Any CPU
		{5950AAAB-8730-4266-A7E9-90C42755CF05}.Release|Any CPU.Build.0 = Release|Any CPU
		{3B0F264D-DEFF-4B62-9946-AFDC1D4626ED}.Debug|Any CPU.ActiveCfg = Debug|Any CPU
		{3B0F264D-DEFF-4B62-9946-AFDC1D4626ED}.Debug|Any CPU.Build.0 = Debug|Any CPU
		{3B0F264D-DEFF-4B62-9946-AFDC1D4626ED}.Release|Any CPU.ActiveCfg = Release|Any CPU
		{3B0F264D-DEFF-4B62-9946-AFDC1D4626ED}.Release|Any CPU.Build.0 = Release|Any CPU
		{2C433851-B197-4DD3-BB65-4C9EBA7F7E4C}.Debug|Any CPU.ActiveCfg = Debug|Any CPU
		{2C433851-B197-4DD3-BB65-4C9EBA7F7E4C}.Debug|Any CPU.Build.0 = Debug|Any CPU
		{2C433851-B197-4DD3-BB65-4C9EBA7F7E4C}.Release|Any CPU.ActiveCfg = Release|Any CPU
		{2C433851-B197-4DD3-BB65-4C9EBA7F7E4C}.Release|Any CPU.Build.0 = Release|Any CPU
		{6BA03E25-A00B-4ADE-883F-D43C5C5E12E2}.Debug|Any CPU.ActiveCfg = Debug|Any CPU
		{6BA03E25-A00B-4ADE-883F-D43C5C5E12E2}.Debug|Any CPU.Build.0 = Debug|Any CPU
		{6BA03E25-A00B-4ADE-883F-D43C5C5E12E2}.Release|Any CPU.ActiveCfg = Release|Any CPU
		{6BA03E25-A00B-4ADE-883F-D43C5C5E12E2}.Release|Any CPU.Build.0 = Release|Any CPU
	EndGlobalSection
	GlobalSection(SolutionProperties) = preSolution
		HideSolutionNode = FALSE
	EndGlobalSection
	GlobalSection(ExtensibilityGlobals) = postSolution
		SolutionGuid = {BD3E766E-C64E-499D-A1CB-4E1121E064CB}
	EndGlobalSection
EndGlobal
